
Microsoft Visual Studio Solution File, Format Version 12.00
# Visual Studio 14
VisualStudioVersion = 14.0.22823.1
MinimumVisualStudioVersion = 10.0.40219.1
Project("{FAE04EC0-301F-11D3-BF4B-00C04F79EFBC}") = "CRM.Web", "CRM.Web\CRM.Web.csproj", "{CFD5259A-0488-4D80-AC5A-A72AF766AD55}"
EndProject
Project("{FAE04EC0-301F-11D3-BF4B-00C04F79EFBC}") = "CRM.Repository", "CRM.Repository\CRM.Repository.csproj", "{7006EC93-1AD5-405E-AE9F-C540E8EE5146}"
EndProject
Global
	GlobalSection(SolutionConfigurationPlatforms) = preSolution
		Debug|Any CPU = Debug|Any CPU
		Release|Any CPU = Release|Any CPU
	EndGlobalSection
	GlobalSection(ProjectConfigurationPlatforms) = postSolution
		{CFD5259A-0488-4D80-AC5A-A72AF766AD55}.Debug|Any CPU.ActiveCfg = Debug|Any CPU
		{CFD5259A-0488-4D80-AC5A-A72AF766AD55}.Debug|Any CPU.Build.0 = Debug|Any CPU
		{CFD5259A-0488-4D80-AC5A-A72AF766AD55}.Release|Any CPU.ActiveCfg = Release|Any CPU
		{CFD5259A-0488-4D80-AC5A-A72AF766AD55}.Release|Any CPU.Build.0 = Release|Any CPU
		{7006EC93-1AD5-405E-AE9F-C540E8EE5146}.Debug|Any CPU.ActiveCfg = Debug|Any CPU
		{7006EC93-1AD5-405E-AE9F-C540E8EE5146}.Debug|Any CPU.Build.0 = Debug|Any CPU
		{7006EC93-1AD5-405E-AE9F-C540E8EE5146}.Release|Any CPU.ActiveCfg = Release|Any CPU
		{7006EC93-1AD5-405E-AE9F-C540E8EE5146}.Release|Any CPU.Build.0 = Release|Any CPU
	EndGlobalSection
	GlobalSection(SolutionProperties) = preSolution
		HideSolutionNode = FALSE
	EndGlobalSection
EndGlobal
